// !$*UTF8*$!
{
	archiveVersion = 1;
	classes = {
	};
	objectVersion = 46;
	objects = {

/* Begin PBXBuildFile section */
		DD0D76A9175E30A8007D3395 /* AnimateImageWidgetView.h in Headers */ = {isa = PBXBuildFile; fileRef = DD0D76A7175E30A8007D3395 /* AnimateImageWidgetView.h */; settings = {ATTRIBUTES = (Public, ); }; };
		DD0D76AA175E30A8007D3395 /* AnimateImageWidgetView.m in Sources */ = {isa = PBXBuildFile; fileRef = DD0D76A8175E30A8007D3395 /* AnimateImageWidgetView.m */; };
		DD87B6131759D33A000E4F0C /* Harpy.h in Headers */ = {isa = PBXBuildFile; fileRef = DD87B60A1759D33A000E4F0C /* Harpy.h */; settings = {ATTRIBUTES = (Public, ); }; };
		DD87B6141759D33A000E4F0C /* Harpy.m in Sources */ = {isa = PBXBuildFile; fileRef = DD87B60B1759D33A000E4F0C /* Harpy.m */; };
		DD87B6151759D33A000E4F0C /* HarpyConstants.h in Headers */ = {isa = PBXBuildFile; fileRef = DD87B60C1759D33A000E4F0C /* HarpyConstants.h */; settings = {ATTRIBUTES = (Public, ); }; };
		DD87B6161759D33A000E4F0C /* JSONKit.h in Headers */ = {isa = PBXBuildFile; fileRef = DD87B60E1759D33A000E4F0C /* JSONKit.h */; settings = {ATTRIBUTES = (Public, ); }; };
		DD87B6171759D33A000E4F0C /* JSONKit.m in Sources */ = {isa = PBXBuildFile; fileRef = DD87B60F1759D33A000E4F0C /* JSONKit.m */; settings = {COMPILER_FLAGS = "-fno-objc-arc"; }; };
		DD87B6181759D33A000E4F0C /* EGReflection.h in Headers */ = {isa = PBXBuildFile; fileRef = DD87B6111759D33A000E4F0C /* EGReflection.h */; settings = {ATTRIBUTES = (Public, ); }; };
		DD87B6191759D33A000E4F0C /* EGReflection.m in Sources */ = {isa = PBXBuildFile; fileRef = DD87B6121759D33A000E4F0C /* EGReflection.m */; };
		DDB7734D1752436F004A3004 /* InfoPlist.strings in Resources */ = {isa = PBXBuildFile; fileRef = DDB7734B1752436F004A3004 /* InfoPlist.strings */; };
		DDB7735417524426004A3004 /* EGCoreAnimation.m in Sources */ = {isa = PBXBuildFile; fileRef = DDB772FA17520DE3004A3004 /* EGCoreAnimation.m */; };
		DDB7736417524A8A004A3004 /* EGCoreAnimation.h in Headers */ = {isa = PBXBuildFile; fileRef = DDB772F917520DE3004A3004 /* EGCoreAnimation.h */; settings = {ATTRIBUTES = (Public, ); }; };
		DDC637EC1756240300975F99 /* JBKenBurnsView.h in Headers */ = {isa = PBXBuildFile; fileRef = DDC637E71756240300975F99 /* JBKenBurnsView.h */; settings = {ATTRIBUTES = (Public, ); }; };
		DDC637ED1756240300975F99 /* JBKenBurnsView.m in Sources */ = {isa = PBXBuildFile; fileRef = DDC637E81756240300975F99 /* JBKenBurnsView.m */; settings = {COMPILER_FLAGS = "-fno-objc-arc"; }; };
		DDC637EE1756240300975F99 /* PocketSVG.h in Headers */ = {isa = PBXBuildFile; fileRef = DDC637EA1756240300975F99 /* PocketSVG.h */; settings = {ATTRIBUTES = (Public, ); }; };
		DDC637EF1756240300975F99 /* PocketSVG.m in Sources */ = {isa = PBXBuildFile; fileRef = DDC637EB1756240300975F99 /* PocketSVG.m */; };
		DDC637F41756241000975F99 /* SwipeView.h in Headers */ = {isa = PBXBuildFile; fileRef = DDC637F21756241000975F99 /* SwipeView.h */; settings = {ATTRIBUTES = (Public, ); }; };
		DDC637F51756241000975F99 /* SwipeView.m in Sources */ = {isa = PBXBuildFile; fileRef = DDC637F31756241000975F99 /* SwipeView.m */; };
		DDC6F220176D59A600AA5E31 /* PathFile.h in Headers */ = {isa = PBXBuildFile; fileRef = DDC6F21E176D59A600AA5E31 /* PathFile.h */; settings = {ATTRIBUTES = (Public, ); }; };
		DDC6F221176D59A600AA5E31 /* PathFile.m in Sources */ = {isa = PBXBuildFile; fileRef = DDC6F21F176D59A600AA5E31 /* PathFile.m */; };
		DDC6F26A176D689600AA5E31 /* ZipArchive.h in Headers */ = {isa = PBXBuildFile; fileRef = DDC6F25F176D689600AA5E31 /* ZipArchive.h */; settings = {ATTRIBUTES = (Public, ); }; };
		DDC6F26B176D689600AA5E31 /* ZipArchive.mm in Sources */ = {isa = PBXBuildFile; fileRef = DDC6F260176D689600AA5E31 /* ZipArchive.mm */; settings = {COMPILER_FLAGS = "-fno-objc-arc"; }; };
		DDC6F27C176D79F600AA5E31 /* crypt.h in Headers */ = {isa = PBXBuildFile; fileRef = DDC6F273176D79F600AA5E31 /* crypt.h */; settings = {ATTRIBUTES = (Public, ); }; };
		DDC6F27D176D79F600AA5E31 /* ioapi.c in Sources */ = {isa = PBXBuildFile; fileRef = DDC6F274176D79F600AA5E31 /* ioapi.c */; };
		DDC6F27E176D79F600AA5E31 /* ioapi.h in Headers */ = {isa = PBXBuildFile; fileRef = DDC6F275176D79F600AA5E31 /* ioapi.h */; settings = {ATTRIBUTES = (Public, ); }; };
		DDC6F27F176D79F600AA5E31 /* mztools.c in Sources */ = {isa = PBXBuildFile; fileRef = DDC6F276176D79F600AA5E31 /* mztools.c */; };
		DDC6F280176D79F600AA5E31 /* mztools.h in Headers */ = {isa = PBXBuildFile; fileRef = DDC6F277176D79F600AA5E31 /* mztools.h */; settings = {ATTRIBUTES = (Public, ); }; };
		DDC6F281176D79F600AA5E31 /* unzip.c in Sources */ = {isa = PBXBuildFile; fileRef = DDC6F278176D79F600AA5E31 /* unzip.c */; };
		DDC6F282176D79F600AA5E31 /* unzip.h in Headers */ = {isa = PBXBuildFile; fileRef = DDC6F279176D79F600AA5E31 /* unzip.h */; settings = {ATTRIBUTES = (Public, ); }; };
		DDC6F283176D79F600AA5E31 /* zip.c in Sources */ = {isa = PBXBuildFile; fileRef = DDC6F27A176D79F600AA5E31 /* zip.c */; };
		DDC6F284176D79F600AA5E31 /* zip.h in Headers */ = {isa = PBXBuildFile; fileRef = DDC6F27B176D79F600AA5E31 /* zip.h */; settings = {ATTRIBUTES = (Public, ); }; };
		DDF56EC0175CB3FE000872CE /* SwipePageView.h in Headers */ = {isa = PBXBuildFile; fileRef = DDF56EBA175CB3FE000872CE /* SwipePageView.h */; settings = {ATTRIBUTES = (Public, ); }; };
		DDF56EC1175CB3FE000872CE /* SwipePageView.m in Sources */ = {isa = PBXBuildFile; fileRef = DDF56EBB175CB3FE000872CE /* SwipePageView.m */; };
		DDF56EC2175CB3FE000872CE /* SwipePageViewController.h in Headers */ = {isa = PBXBuildFile; fileRef = DDF56EBC175CB3FE000872CE /* SwipePageViewController.h */; settings = {ATTRIBUTES = (Public, ); }; };
		DDF56EC3175CB3FE000872CE /* SwipePageViewController.m in Sources */ = {isa = PBXBuildFile; fileRef = DDF56EBD175CB3FE000872CE /* SwipePageViewController.m */; };
		DDF56EC4175CB3FE000872CE /* AnimateWidgetView.h in Headers */ = {isa = PBXBuildFile; fileRef = DDF56EBE175CB3FE000872CE /* AnimateWidgetView.h */; settings = {ATTRIBUTES = (Public, ); }; };
		DDF56EC5175CB3FE000872CE /* AnimateWidgetView.m in Sources */ = {isa = PBXBuildFile; fileRef = DDF56EBF175CB3FE000872CE /* AnimateWidgetView.m */; };
		DDF56EC9175CB45E000872CE /* SwipePageDataSource.h in Headers */ = {isa = PBXBuildFile; fileRef = DDF56EC7175CB45E000872CE /* SwipePageDataSource.h */; settings = {ATTRIBUTES = (Public, ); }; };
		DDF56ECA175CB45E000872CE /* SwipePageDataSource.m in Sources */ = {isa = PBXBuildFile; fileRef = DDF56EC8175CB45E000872CE /* SwipePageDataSource.m */; };
		DDF56ECE175CB4F9000872CE /* Constant.h in Headers */ = {isa = PBXBuildFile; fileRef = DDF56ECC175CB4F9000872CE /* Constant.h */; settings = {ATTRIBUTES = (Public, ); }; };
		DDF56ED0175CB5D3000872CE /* Constant.m in Sources */ = {isa = PBXBuildFile; fileRef = DDF56ECD175CB4F9000872CE /* Constant.m */; };
		DDF56ED7175CC494000872CE /* EGAnimateImageView.h in Headers */ = {isa = PBXBuildFile; fileRef = DDF56ED5175CC494000872CE /* EGAnimateImageView.h */; settings = {ATTRIBUTES = (Public, ); }; };
		DDF56ED8175CC494000872CE /* EGAnimateImageView.m in Sources */ = {isa = PBXBuildFile; fileRef = DDF56ED6175CC494000872CE /* EGAnimateImageView.m */; };
/* End PBXBuildFile section */

/* Begin PBXFileReference section */
		DD0D76A7175E30A8007D3395 /* AnimateImageWidgetView.h */ = {isa = PBXFileReference; fileEncoding = 4; lastKnownFileType = sourcecode.c.h; path = AnimateImageWidgetView.h; sourceTree = "<group>"; };
		DD0D76A8175E30A8007D3395 /* AnimateImageWidgetView.m */ = {isa = PBXFileReference; fileEncoding = 4; lastKnownFileType = sourcecode.c.objc; path = AnimateImageWidgetView.m; sourceTree = "<group>"; };
		DD87B60A1759D33A000E4F0C /* Harpy.h */ = {isa = PBXFileReference; fileEncoding = 4; lastKnownFileType = sourcecode.c.h; path = Harpy.h; sourceTree = "<group>"; };
		DD87B60B1759D33A000E4F0C /* Harpy.m */ = {isa = PBXFileReference; fileEncoding = 4; lastKnownFileType = sourcecode.c.objc; path = Harpy.m; sourceTree = "<group>"; };
		DD87B60C1759D33A000E4F0C /* HarpyConstants.h */ = {isa = PBXFileReference; fileEncoding = 4; lastKnownFileType = sourcecode.c.h; path = HarpyConstants.h; sourceTree = "<group>"; };
		DD87B60E1759D33A000E4F0C /* JSONKit.h */ = {isa = PBXFileReference; fileEncoding = 4; lastKnownFileType = sourcecode.c.h; path = JSONKit.h; sourceTree = "<group>"; };
		DD87B60F1759D33A000E4F0C /* JSONKit.m */ = {isa = PBXFileReference; fileEncoding = 4; lastKnownFileType = sourcecode.c.objc; path = JSONKit.m; sourceTree = "<group>"; };
		DD87B6111759D33A000E4F0C /* EGReflection.h */ = {isa = PBXFileReference; fileEncoding = 4; lastKnownFileType = sourcecode.c.h; path = EGReflection.h; sourceTree = "<group>"; };
		DD87B6121759D33A000E4F0C /* EGReflection.m */ = {isa = PBXFileReference; fileEncoding = 4; lastKnownFileType = sourcecode.c.objc; path = EGReflection.m; sourceTree = "<group>"; };
		DDB772C217520BCC004A3004 /* Foundation.framework */ = {isa = PBXFileReference; lastKnownFileType = wrapper.framework; name = Foundation.framework; path = System/Library/Frameworks/Foundation.framework; sourceTree = SDKROOT; };
		DDB772F917520DE3004A3004 /* EGCoreAnimation.h */ = {isa = PBXFileReference; fileEncoding = 4; lastKnownFileType = sourcecode.c.h; name = EGCoreAnimation.h; path = Animation/EGCoreAnimation.h; sourceTree = "<group>"; };
		DDB772FA17520DE3004A3004 /* EGCoreAnimation.m */ = {isa = PBXFileReference; fileEncoding = 4; lastKnownFileType = sourcecode.c.objc; name = EGCoreAnimation.m; path = Animation/EGCoreAnimation.m; sourceTree = "<group>"; };
		DDB772FC17520E1E004A3004 /* QuartzCore.framework */ = {isa = PBXFileReference; lastKnownFileType = wrapper.framework; name = QuartzCore.framework; path = System/Library/Frameworks/QuartzCore.framework; sourceTree = SDKROOT; };
		DDB772FE17520E49004A3004 /* UIKit.framework */ = {isa = PBXFileReference; lastKnownFileType = wrapper.framework; name = UIKit.framework; path = System/Library/Frameworks/UIKit.framework; sourceTree = SDKROOT; };
		DDB773461752436F004A3004 /* EGCore.framework */ = {isa = PBXFileReference; explicitFileType = wrapper.cfbundle; includeInIndex = 0; path = EGCore.framework; sourceTree = BUILT_PRODUCTS_DIR; };
		DDB7734A1752436F004A3004 /* EGCore-Info.plist */ = {isa = PBXFileReference; lastKnownFileType = text.plist.xml; path = "EGCore-Info.plist"; sourceTree = "<group>"; };
		DDB7734C1752436F004A3004 /* en */ = {isa = PBXFileReference; lastKnownFileType = text.plist.strings; name = en; path = en.lproj/InfoPlist.strings; sourceTree = "<group>"; };
		DDB7734E1752436F004A3004 /* EGCore-Prefix.pch */ = {isa = PBXFileReference; lastKnownFileType = sourcecode.c.h; path = "EGCore-Prefix.pch"; sourceTree = "<group>"; };
		DDC637E71756240300975F99 /* JBKenBurnsView.h */ = {isa = PBXFileReference; fileEncoding = 4; lastKnownFileType = sourcecode.c.h; path = JBKenBurnsView.h; sourceTree = "<group>"; };
		DDC637E81756240300975F99 /* JBKenBurnsView.m */ = {isa = PBXFileReference; fileEncoding = 4; lastKnownFileType = sourcecode.c.objc; path = JBKenBurnsView.m; sourceTree = "<group>"; };
		DDC637EA1756240300975F99 /* PocketSVG.h */ = {isa = PBXFileReference; fileEncoding = 4; lastKnownFileType = sourcecode.c.h; path = PocketSVG.h; sourceTree = "<group>"; };
		DDC637EB1756240300975F99 /* PocketSVG.m */ = {isa = PBXFileReference; fileEncoding = 4; lastKnownFileType = sourcecode.c.objc; path = PocketSVG.m; sourceTree = "<group>"; };
		DDC637F21756241000975F99 /* SwipeView.h */ = {isa = PBXFileReference; fileEncoding = 4; lastKnownFileType = sourcecode.c.h; path = SwipeView.h; sourceTree = "<group>"; };
		DDC637F31756241000975F99 /* SwipeView.m */ = {isa = PBXFileReference; fileEncoding = 4; lastKnownFileType = sourcecode.c.objc; path = SwipeView.m; sourceTree = "<group>"; };
		DDC6F21E176D59A600AA5E31 /* PathFile.h */ = {isa = PBXFileReference; fileEncoding = 4; lastKnownFileType = sourcecode.c.h; path = PathFile.h; sourceTree = "<group>"; };
		DDC6F21F176D59A600AA5E31 /* PathFile.m */ = {isa = PBXFileReference; fileEncoding = 4; lastKnownFileType = sourcecode.c.objc; path = PathFile.m; sourceTree = "<group>"; };
		DDC6F25F176D689600AA5E31 /* ZipArchive.h */ = {isa = PBXFileReference; fileEncoding = 4; lastKnownFileType = sourcecode.c.h; path = ZipArchive.h; sourceTree = "<group>"; };
		DDC6F260176D689600AA5E31 /* ZipArchive.mm */ = {isa = PBXFileReference; fileEncoding = 4; lastKnownFileType = sourcecode.cpp.objcpp; path = ZipArchive.mm; sourceTree = "<group>"; };
		DDC6F273176D79F600AA5E31 /* crypt.h */ = {isa = PBXFileReference; fileEncoding = 4; lastKnownFileType = sourcecode.c.h; path = crypt.h; sourceTree = "<group>"; };
		DDC6F274176D79F600AA5E31 /* ioapi.c */ = {isa = PBXFileReference; fileEncoding = 4; lastKnownFileType = sourcecode.c.c; path = ioapi.c; sourceTree = "<group>"; };
		DDC6F275176D79F600AA5E31 /* ioapi.h */ = {isa = PBXFileReference; fileEncoding = 4; lastKnownFileType = sourcecode.c.h; path = ioapi.h; sourceTree = "<group>"; };
		DDC6F276176D79F600AA5E31 /* mztools.c */ = {isa = PBXFileReference; fileEncoding = 4; lastKnownFileType = sourcecode.c.c; path = mztools.c; sourceTree = "<group>"; };
		DDC6F277176D79F600AA5E31 /* mztools.h */ = {isa = PBXFileReference; fileEncoding = 4; lastKnownFileType = sourcecode.c.h; path = mztools.h; sourceTree = "<group>"; };
		DDC6F278176D79F600AA5E31 /* unzip.c */ = {isa = PBXFileReference; fileEncoding = 4; lastKnownFileType = sourcecode.c.c; path = unzip.c; sourceTree = "<group>"; };
		DDC6F279176D79F600AA5E31 /* unzip.h */ = {isa = PBXFileReference; fileEncoding = 4; lastKnownFileType = sourcecode.c.h; path = unzip.h; sourceTree = "<group>"; };
		DDC6F27A176D79F600AA5E31 /* zip.c */ = {isa = PBXFileReference; fileEncoding = 4; lastKnownFileType = sourcecode.c.c; path = zip.c; sourceTree = "<group>"; };
		DDC6F27B176D79F600AA5E31 /* zip.h */ = {isa = PBXFileReference; fileEncoding = 4; lastKnownFileType = sourcecode.c.h; path = zip.h; sourceTree = "<group>"; };
		DDF56EBA175CB3FE000872CE /* SwipePageView.h */ = {isa = PBXFileReference; fileEncoding = 4; lastKnownFileType = sourcecode.c.h; path = SwipePageView.h; sourceTree = "<group>"; };
		DDF56EBB175CB3FE000872CE /* SwipePageView.m */ = {isa = PBXFileReference; fileEncoding = 4; lastKnownFileType = sourcecode.c.objc; path = SwipePageView.m; sourceTree = "<group>"; };
		DDF56EBC175CB3FE000872CE /* SwipePageViewController.h */ = {isa = PBXFileReference; fileEncoding = 4; lastKnownFileType = sourcecode.c.h; path = SwipePageViewController.h; sourceTree = "<group>"; };
		DDF56EBD175CB3FE000872CE /* SwipePageViewController.m */ = {isa = PBXFileReference; fileEncoding = 4; lastKnownFileType = sourcecode.c.objc; path = SwipePageViewController.m; sourceTree = "<group>"; };
		DDF56EBE175CB3FE000872CE /* AnimateWidgetView.h */ = {isa = PBXFileReference; fileEncoding = 4; lastKnownFileType = sourcecode.c.h; path = AnimateWidgetView.h; sourceTree = "<group>"; };
		DDF56EBF175CB3FE000872CE /* AnimateWidgetView.m */ = {isa = PBXFileReference; fileEncoding = 4; lastKnownFileType = sourcecode.c.objc; path = AnimateWidgetView.m; sourceTree = "<group>"; };
		DDF56EC7175CB45E000872CE /* SwipePageDataSource.h */ = {isa = PBXFileReference; fileEncoding = 4; lastKnownFileType = sourcecode.c.h; path = SwipePageDataSource.h; sourceTree = "<group>"; };
		DDF56EC8175CB45E000872CE /* SwipePageDataSource.m */ = {isa = PBXFileReference; fileEncoding = 4; lastKnownFileType = sourcecode.c.objc; path = SwipePageDataSource.m; sourceTree = "<group>"; };
		DDF56ECC175CB4F9000872CE /* Constant.h */ = {isa = PBXFileReference; fileEncoding = 4; lastKnownFileType = sourcecode.c.h; path = Constant.h; sourceTree = "<group>"; };
		DDF56ECD175CB4F9000872CE /* Constant.m */ = {isa = PBXFileReference; fileEncoding = 4; lastKnownFileType = sourcecode.c.objc; path = Constant.m; sourceTree = "<group>"; };
		DDF56ED5175CC494000872CE /* EGAnimateImageView.h */ = {isa = PBXFileReference; fileEncoding = 4; lastKnownFileType = sourcecode.c.h; name = EGAnimateImageView.h; path = Animation/EGAnimateImageView.h; sourceTree = "<group>"; };
		DDF56ED6175CC494000872CE /* EGAnimateImageView.m */ = {isa = PBXFileReference; fileEncoding = 4; lastKnownFileType = sourcecode.c.objc; name = EGAnimateImageView.m; path = Animation/EGAnimateImageView.m; sourceTree = "<group>"; };
/* End PBXFileReference section */

/* Begin PBXFrameworksBuildPhase section */
		DDB773431752436F004A3004 /* Frameworks */ = {
			isa = PBXFrameworksBuildPhase;
			buildActionMask = 2147483647;
			files = (
			);
			runOnlyForDeploymentPostprocessing = 0;
		};
/* End PBXFrameworksBuildPhase section */

/* Begin PBXGroup section */
		DD87B6081759D33A000E4F0C /* Foundation */ = {
			isa = PBXGroup;
			children = (
				DDC6F23D176D67E900AA5E31 /* Zip */,
				DDF56ECB175CB4DB000872CE /* Common */,
				DD87B6091759D33A000E4F0C /* Harpy */,
				DD87B60D1759D33A000E4F0C /* JSONKit */,
				DD87B6101759D33A000E4F0C /* Reflection */,
			);
			path = Foundation;
			sourceTree = "<group>";
		};
		DD87B6091759D33A000E4F0C /* Harpy */ = {
			isa = PBXGroup;
			children = (
				DD87B60A1759D33A000E4F0C /* Harpy.h */,
				DD87B60B1759D33A000E4F0C /* Harpy.m */,
				DD87B60C1759D33A000E4F0C /* HarpyConstants.h */,
			);
			path = Harpy;
			sourceTree = "<group>";
		};
		DD87B60D1759D33A000E4F0C /* JSONKit */ = {
			isa = PBXGroup;
			children = (
				DD87B60E1759D33A000E4F0C /* JSONKit.h */,
				DD87B60F1759D33A000E4F0C /* JSONKit.m */,
			);
			path = JSONKit;
			sourceTree = "<group>";
		};
		DD87B6101759D33A000E4F0C /* Reflection */ = {
			isa = PBXGroup;
			children = (
				DD87B6111759D33A000E4F0C /* EGReflection.h */,
				DD87B6121759D33A000E4F0C /* EGReflection.m */,
			);
			path = Reflection;
			sourceTree = "<group>";
		};
		DDB772B617520BCC004A3004 = {
			isa = PBXGroup;
			children = (
				DDF56EB9175CB3FE000872CE /* EGMagazine */,
				DD87B6081759D33A000E4F0C /* Foundation */,
				DDC637F01756241000975F99 /* Touch */,
				DDC637E51756240300975F99 /* Image */,
				DDB772F817520DD2004A3004 /* Animation */,
				DDB773491752436F004A3004 /* Supporting Files */,
				DDB772C117520BCC004A3004 /* Frameworks */,
				DDB772C017520BCC004A3004 /* Products */,
			);
			sourceTree = "<group>";
		};
		DDB772C017520BCC004A3004 /* Products */ = {
			isa = PBXGroup;
			children = (
				DDB773461752436F004A3004 /* EGCore.framework */,
			);
			name = Products;
			sourceTree = "<group>";
		};
		DDB772C117520BCC004A3004 /* Frameworks */ = {
			isa = PBXGroup;
			children = (
				DDB772FE17520E49004A3004 /* UIKit.framework */,
				DDB772FC17520E1E004A3004 /* QuartzCore.framework */,
				DDB772C217520BCC004A3004 /* Foundation.framework */,
			);
			name = Frameworks;
			sourceTree = "<group>";
		};
		DDB772F817520DD2004A3004 /* Animation */ = {
			isa = PBXGroup;
			children = (
				DDF56ED5175CC494000872CE /* EGAnimateImageView.h */,
				DDF56ED6175CC494000872CE /* EGAnimateImageView.m */,
				DDB772F917520DE3004A3004 /* EGCoreAnimation.h */,
				DDB772FA17520DE3004A3004 /* EGCoreAnimation.m */,
			);
			name = Animation;
			sourceTree = "<group>";
		};
		DDB773491752436F004A3004 /* Supporting Files */ = {
			isa = PBXGroup;
			children = (
				DDB7734A1752436F004A3004 /* EGCore-Info.plist */,
				DDB7734B1752436F004A3004 /* InfoPlist.strings */,
				DDB7734E1752436F004A3004 /* EGCore-Prefix.pch */,
			);
			name = "Supporting Files";
			path = EGCore;
			sourceTree = "<group>";
		};
		DDC637E51756240300975F99 /* Image */ = {
			isa = PBXGroup;
			children = (
				DDC637E61756240300975F99 /* KenBurnsView */,
				DDC637E91756240300975F99 /* PocketSVG */,
			);
			path = Image;
			sourceTree = "<group>";
		};
		DDC637E61756240300975F99 /* KenBurnsView */ = {
			isa = PBXGroup;
			children = (
				DDC637E71756240300975F99 /* JBKenBurnsView.h */,
				DDC637E81756240300975F99 /* JBKenBurnsView.m */,
			);
			path = KenBurnsView;
			sourceTree = "<group>";
		};
		DDC637E91756240300975F99 /* PocketSVG */ = {
			isa = PBXGroup;
			children = (
				DDC637EA1756240300975F99 /* PocketSVG.h */,
				DDC637EB1756240300975F99 /* PocketSVG.m */,
			);
			path = PocketSVG;
			sourceTree = "<group>";
		};
		DDC637F01756241000975F99 /* Touch */ = {
			isa = PBXGroup;
			children = (
				DDC637F11756241000975F99 /* SwipeView */,
			);
			path = Touch;
			sourceTree = "<group>";
		};
		DDC637F11756241000975F99 /* SwipeView */ = {
			isa = PBXGroup;
			children = (
				DDC637F21756241000975F99 /* SwipeView.h */,
				DDC637F31756241000975F99 /* SwipeView.m */,
			);
			path = SwipeView;
			sourceTree = "<group>";
		};
		DDC6F23D176D67E900AA5E31 /* Zip */ = {
			isa = PBXGroup;
			children = (
				DDC6F272176D79F600AA5E31 /* minizip */,
				DDC6F25F176D689600AA5E31 /* ZipArchive.h */,
				DDC6F260176D689600AA5E31 /* ZipArchive.mm */,
			);
			path = Zip;
			sourceTree = "<group>";
		};
		DDC6F272176D79F600AA5E31 /* minizip */ = {
			isa = PBXGroup;
			children = (
				DDC6F273176D79F600AA5E31 /* crypt.h */,
				DDC6F274176D79F600AA5E31 /* ioapi.c */,
				DDC6F275176D79F600AA5E31 /* ioapi.h */,
				DDC6F276176D79F600AA5E31 /* mztools.c */,
				DDC6F277176D79F600AA5E31 /* mztools.h */,
				DDC6F278176D79F600AA5E31 /* unzip.c */,
				DDC6F279176D79F600AA5E31 /* unzip.h */,
				DDC6F27A176D79F600AA5E31 /* zip.c */,
				DDC6F27B176D79F600AA5E31 /* zip.h */,
			);
			path = minizip;
			sourceTree = "<group>";
		};
		DDF56EB9175CB3FE000872CE /* EGMagazine */ = {
			isa = PBXGroup;
			children = (
				DDF56EC7175CB45E000872CE /* SwipePageDataSource.h */,
				DDF56EC8175CB45E000872CE /* SwipePageDataSource.m */,
				DDF56EBA175CB3FE000872CE /* SwipePageView.h */,
				DDF56EBB175CB3FE000872CE /* SwipePageView.m */,
				DDF56EBC175CB3FE000872CE /* SwipePageViewController.h */,
				DDF56EBD175CB3FE000872CE /* SwipePageViewController.m */,
				DDF56EBE175CB3FE000872CE /* AnimateWidgetView.h */,
				DDF56EBF175CB3FE000872CE /* AnimateWidgetView.m */,
				DD0D76A7175E30A8007D3395 /* AnimateImageWidgetView.h */,
				DD0D76A8175E30A8007D3395 /* AnimateImageWidgetView.m */,
			);
			path = EGMagazine;
			sourceTree = "<group>";
		};
		DDF56ECB175CB4DB000872CE /* Common */ = {
			isa = PBXGroup;
			children = (
				DDC6F21E176D59A600AA5E31 /* PathFile.h */,
				DDC6F21F176D59A600AA5E31 /* PathFile.m */,
				DDF56ECC175CB4F9000872CE /* Constant.h */,
				DDF56ECD175CB4F9000872CE /* Constant.m */,
			);
			path = Common;
			sourceTree = "<group>";
		};
/* End PBXGroup section */

/* Begin PBXHeadersBuildPhase section */
		DDB773521752440C004A3004 /* Headers */ = {
			isa = PBXHeadersBuildPhase;
			buildActionMask = 2147483647;
			files = (
				DDB7736417524A8A004A3004 /* EGCoreAnimation.h in Headers */,
				DD87B6181759D33A000E4F0C /* EGReflection.h in Headers */,
				DDF56ED7175CC494000872CE /* EGAnimateImageView.h in Headers */,
				DDC637EC1756240300975F99 /* JBKenBurnsView.h in Headers */,
				DDC637EE1756240300975F99 /* PocketSVG.h in Headers */,
				DD87B6131759D33A000E4F0C /* Harpy.h in Headers */,
				DD87B6151759D33A000E4F0C /* HarpyConstants.h in Headers */,
				DD87B6161759D33A000E4F0C /* JSONKit.h in Headers */,
				DDF56EC2175CB3FE000872CE /* SwipePageViewController.h in Headers */,
				DDF56EC9175CB45E000872CE /* SwipePageDataSource.h in Headers */,
				DDC637F41756241000975F99 /* SwipeView.h in Headers */,
				DDF56ECE175CB4F9000872CE /* Constant.h in Headers */,
				DD0D76A9175E30A8007D3395 /* AnimateImageWidgetView.h in Headers */,
				DDF56EC0175CB3FE000872CE /* SwipePageView.h in Headers */,
				DDC6F220176D59A600AA5E31 /* PathFile.h in Headers */,
				DDC6F26A176D689600AA5E31 /* ZipArchive.h in Headers */,
				DDC6F27C176D79F600AA5E31 /* crypt.h in Headers */,
				DDC6F27E176D79F600AA5E31 /* ioapi.h in Headers */,
				DDC6F280176D79F600AA5E31 /* mztools.h in Headers */,
				DDC6F282176D79F600AA5E31 /* unzip.h in Headers */,
				DDC6F284176D79F600AA5E31 /* zip.h in Headers */,
				DDF56EC4175CB3FE000872CE /* AnimateWidgetView.h in Headers */,
			);
			runOnlyForDeploymentPostprocessing = 0;
		};
/* End PBXHeadersBuildPhase section */

/* Begin PBXNativeTarget section */
		DDB773451752436F004A3004 /* EGCore */ = {
			isa = PBXNativeTarget;
			buildConfigurationList = DDB7734F1752436F004A3004 /* Build configuration list for PBXNativeTarget "EGCore" */;
			buildPhases = (
				DDB773421752436F004A3004 /* Sources */,
				DDB773431752436F004A3004 /* Frameworks */,
				DDB773441752436F004A3004 /* Resources */,
				DDB773521752440C004A3004 /* Headers */,
			);
			buildRules = (
			);
			dependencies = (
			);
			name = EGCore;
			productName = EGCore;
			productReference = DDB773461752436F004A3004 /* EGCore.framework */;
			productType = "com.apple.product-type.bundle";
		};
/* End PBXNativeTarget section */

/* Begin PBXProject section */
		DDB772B717520BCC004A3004 /* Project object */ = {
			isa = PBXProject;
			attributes = {
				LastUpgradeCheck = 0460;
				ORGANIZATIONNAME = "feng guanhua";
			};
			buildConfigurationList = DDB772BA17520BCC004A3004 /* Build configuration list for PBXProject "EGCoreFramework" */;
			compatibilityVersion = "Xcode 3.2";
			developmentRegion = English;
			hasScannedForEncodings = 0;
			knownRegions = (
				en,
			);
			mainGroup = DDB772B617520BCC004A3004;
			productRefGroup = DDB772C017520BCC004A3004 /* Products */;
			projectDirPath = "";
			projectRoot = "";
			targets = (
				DDB773451752436F004A3004 /* EGCore */,
			);
		};
/* End PBXProject section */

/* Begin PBXResourcesBuildPhase section */
		DDB773441752436F004A3004 /* Resources */ = {
			isa = PBXResourcesBuildPhase;
			buildActionMask = 2147483647;
			files = (
				DDB7734D1752436F004A3004 /* InfoPlist.strings in Resources */,
			);
			runOnlyForDeploymentPostprocessing = 0;
		};
/* End PBXResourcesBuildPhase section */

/* Begin PBXSourcesBuildPhase section */
		DDB773421752436F004A3004 /* Sources */ = {
			isa = PBXSourcesBuildPhase;
			buildActionMask = 2147483647;
			files = (
				DDF56ED0175CB5D3000872CE /* Constant.m in Sources */,
				DDB7735417524426004A3004 /* EGCoreAnimation.m in Sources */,
				DDC637ED1756240300975F99 /* JBKenBurnsView.m in Sources */,
				DDC637EF1756240300975F99 /* PocketSVG.m in Sources */,
				DDC637F51756241000975F99 /* SwipeView.m in Sources */,
				DD87B6141759D33A000E4F0C /* Harpy.m in Sources */,
				DD87B6171759D33A000E4F0C /* JSONKit.m in Sources */,
				DD87B6191759D33A000E4F0C /* EGReflection.m in Sources */,
				DDF56EC1175CB3FE000872CE /* SwipePageView.m in Sources */,
				DDF56EC3175CB3FE000872CE /* SwipePageViewController.m in Sources */,
				DDF56EC5175CB3FE000872CE /* AnimateWidgetView.m in Sources */,
				DDF56ECA175CB45E000872CE /* SwipePageDataSource.m in Sources */,
				DDF56ED8175CC494000872CE /* EGAnimateImageView.m in Sources */,
				DD0D76AA175E30A8007D3395 /* AnimateImageWidgetView.m in Sources */,
				DDC6F221176D59A600AA5E31 /* PathFile.m in Sources */,
				DDC6F26B176D689600AA5E31 /* ZipArchive.mm in Sources */,
				DDC6F27D176D79F600AA5E31 /* ioapi.c in Sources */,
				DDC6F27F176D79F600AA5E31 /* mztools.c in Sources */,
				DDC6F281176D79F600AA5E31 /* unzip.c in Sources */,
				DDC6F283176D79F600AA5E31 /* zip.c in Sources */,
			);
			runOnlyForDeploymentPostprocessing = 0;
		};
/* End PBXSourcesBuildPhase section */

/* Begin PBXVariantGroup section */
		DDB7734B1752436F004A3004 /* InfoPlist.strings */ = {
			isa = PBXVariantGroup;
			children = (
				DDB7734C1752436F004A3004 /* en */,
			);
			name = InfoPlist.strings;
			sourceTree = "<group>";
		};
/* End PBXVariantGroup section */

/* Begin XCBuildConfiguration section */
		DDB772E217520BCC004A3004 /* Debug */ = {
			isa = XCBuildConfiguration;
			buildSettings = {
				ALWAYS_SEARCH_USER_PATHS = NO;
				CLANG_CXX_LANGUAGE_STANDARD = "gnu++0x";
				CLANG_CXX_LIBRARY = "libc++";
				CLANG_ENABLE_OBJC_ARC = YES;
				CLANG_WARN_CONSTANT_CONVERSION = YES;
				CLANG_WARN_EMPTY_BODY = YES;
				CLANG_WARN_ENUM_CONVERSION = YES;
				CLANG_WARN_INT_CONVERSION = YES;
				CLANG_WARN__DUPLICATE_METHOD_MATCH = YES;
				COPY_PHASE_STRIP = NO;
				GCC_C_LANGUAGE_STANDARD = gnu99;
				GCC_DYNAMIC_NO_PIC = NO;
				GCC_OPTIMIZATION_LEVEL = 0;
				GCC_PREPROCESSOR_DEFINITIONS = (
					"DEBUG=1",
					"$(inherited)",
				);
				GCC_SYMBOLS_PRIVATE_EXTERN = NO;
				GCC_WARN_ABOUT_RETURN_TYPE = YES;
				GCC_WARN_UNINITIALIZED_AUTOS = YES;
				GCC_WARN_UNUSED_VARIABLE = YES;
				IPHONEOS_DEPLOYMENT_TARGET = 5.0;
				ONLY_ACTIVE_ARCH = YES;
				SDKROOT = iphoneos;
			};
			name = Debug;
		};
		DDB772E317520BCC004A3004 /* Release */ = {
			isa = XCBuildConfiguration;
			buildSettings = {
				ALWAYS_SEARCH_USER_PATHS = NO;
				CLANG_CXX_LANGUAGE_STANDARD = "gnu++0x";
				CLANG_CXX_LIBRARY = "libc++";
				CLANG_ENABLE_OBJC_ARC = YES;
				CLANG_WARN_CONSTANT_CONVERSION = YES;
				CLANG_WARN_EMPTY_BODY = YES;
				CLANG_WARN_ENUM_CONVERSION = YES;
				CLANG_WARN_INT_CONVERSION = YES;
				CLANG_WARN__DUPLICATE_METHOD_MATCH = YES;
				COPY_PHASE_STRIP = YES;
				GCC_C_LANGUAGE_STANDARD = gnu99;
				GCC_WARN_ABOUT_RETURN_TYPE = YES;
				GCC_WARN_UNINITIALIZED_AUTOS = YES;
				GCC_WARN_UNUSED_VARIABLE = YES;
				IPHONEOS_DEPLOYMENT_TARGET = 5.0;
				SDKROOT = iphoneos;
				VALIDATE_PRODUCT = YES;
			};
			name = Release;
		};
		DDB773501752436F004A3004 /* Debug */ = {
			isa = XCBuildConfiguration;
			buildSettings = {
				ARCHS = "$(ARCHS_STANDARD_32_BIT)";
				COMBINE_HIDPI_IMAGES = YES;
				DEAD_CODE_STRIPPING = NO;
				FRAMEWORK_SEARCH_PATHS = (
					"$(inherited)",
					"\"$(SYSTEM_APPS_DIR)/Xcode.app/Contents/Developer/Library/Frameworks\"",
				);
				GCC_ENABLE_OBJC_EXCEPTIONS = YES;
				GCC_PRECOMPILE_PREFIX_HEADER = YES;
				GCC_PREFIX_HEADER = "EGCore/EGCore-Prefix.pch";
				GCC_WARN_64_TO_32_BIT_CONVERSION = YES;
				INFOPLIST_FILE = "EGCore/EGCore-Info.plist";
				INSTALL_PATH = "$(LOCAL_LIBRARY_DIR)/Bundles";
				LINK_WITH_STANDARD_LIBRARIES = NO;
				MACH_O_TYPE = mh_object;
				MACOSX_DEPLOYMENT_TARGET = 10.7;
				ONLY_ACTIVE_ARCH = NO;
				PRODUCT_NAME = "$(TARGET_NAME)";
				SDKROOT = iphoneos;
				WRAPPER_EXTENSION = framework;
			};
			name = Debug;
		};
		DDB773511752436F004A3004 /* Release */ = {
			isa = XCBuildConfiguration;
			buildSettings = {
				ARCHS = "$(ARCHS_STANDARD_32_BIT)";
				COMBINE_HIDPI_IMAGES = YES;
				DEAD_CODE_STRIPPING = NO;
				DEBUG_INFORMATION_FORMAT = "dwarf-with-dsym";
				FRAMEWORK_SEARCH_PATHS = (
					"$(inherited)",
					"\"$(SYSTEM_APPS_DIR)/Xcode.app/Contents/Developer/Library/Frameworks\"",
				);
				GCC_ENABLE_OBJC_EXCEPTIONS = YES;
				GCC_PRECOMPILE_PREFIX_HEADER = YES;
				GCC_PREFIX_HEADER = "EGCore/EGCore-Prefix.pch";
				GCC_WARN_64_TO_32_BIT_CONVERSION = YES;
				INFOPLIST_FILE = "EGCore/EGCore-Info.plist";
				INSTALL_PATH = "$(LOCAL_LIBRARY_DIR)/Bundles";
				LINK_WITH_STANDARD_LIBRARIES = NO;
				MACH_O_TYPE = mh_object;
				MACOSX_DEPLOYMENT_TARGET = 10.7;
				PRODUCT_NAME = "$(TARGET_NAME)";
				SDKROOT = iphoneos;
				WRAPPER_EXTENSION = framework;
			};
			name = Release;
		};
/* End XCBuildConfiguration section */

/* Begin XCConfigurationList section */
		DDB772BA17520BCC004A3004 /* Build configuration list for PBXProject "EGCoreFramework" */ = {
			isa = XCConfigurationList;
			buildConfigurations = (
				DDB772E217520BCC004A3004 /* Debug */,
				DDB772E317520BCC004A3004 /* Release */,
			);
			defaultConfigurationIsVisible = 0;
			defaultConfigurationName = Release;
		};
		DDB7734F1752436F004A3004 /* Build configuration list for PBXNativeTarget "EGCore" */ = {
			isa = XCConfigurationList;
			buildConfigurations = (
				DDB773501752436F004A3004 /* Debug */,
				DDB773511752436F004A3004 /* Release */,
			);
			defaultConfigurationIsVisible = 0;
			defaultConfigurationName = Release;
		};
/* End XCConfigurationList section */
	};
	rootObject = DDB772B717520BCC004A3004 /* Project object */;
}
